// !$*UTF8*$!
{
	archiveVersion = 1;
	classes = {
	};
	objectVersion = 56;
	objects = {

/* Begin PBXBuildFile section */
		66676C822C8554F900EFF355 /* GACTourApp.swift in Sources */ = {isa = PBXBuildFile; fileRef = 66676C812C8554F900EFF355 /* GACTourApp.swift */; };
		66676C842C8554F900EFF355 /* ContentView.swift in Sources */ = {isa = PBXBuildFile; fileRef = 66676C832C8554F900EFF355 /* ContentView.swift */; };
		66676C862C8554FB00EFF355 /* Assets.xcassets in Resources */ = {isa = PBXBuildFile; fileRef = 66676C852C8554FB00EFF355 /* Assets.xcassets */; };
		66676C892C8554FB00EFF355 /* Preview Assets.xcassets in Resources */ = {isa = PBXBuildFile; fileRef = 66676C882C8554FB00EFF355 /* Preview Assets.xcassets */; };
		66676C932C8554FB00EFF355 /* GACTourTests.swift in Sources */ = {isa = PBXBuildFile; fileRef = 66676C922C8554FB00EFF355 /* GACTourTests.swift */; };
		66676C9D2C8554FB00EFF355 /* GACTourUITests.swift in Sources */ = {isa = PBXBuildFile; fileRef = 66676C9C2C8554FB00EFF355 /* GACTourUITests.swift */; };
		66676C9F2C8554FB00EFF355 /* GACTourUITestsLaunchTests.swift in Sources */ = {isa = PBXBuildFile; fileRef = 66676C9E2C8554FB00EFF355 /* GACTourUITestsLaunchTests.swift */; };
/* End PBXBuildFile section */

/* Begin PBXContainerItemProxy section */
		66676C8F2C8554FB00EFF355 /* PBXContainerItemProxy */ = {
			isa = PBXContainerItemProxy;
			containerPortal = 66676C762C8554F900EFF355 /* Project object */;
			proxyType = 1;
			remoteGlobalIDString = 66676C7D2C8554F900EFF355;
			remoteInfo = GACTour;
		};
		66676C992C8554FB00EFF355 /* PBXContainerItemProxy */ = {
			isa = PBXContainerItemProxy;
			containerPortal = 66676C762C8554F900EFF355 /* Project object */;
			proxyType = 1;
			remoteGlobalIDString = 66676C7D2C8554F900EFF355;
			remoteInfo = GACTour;
		};
/* End PBXContainerItemProxy section */

/* Begin PBXFileReference section */
		66676C7E2C8554F900EFF355 /* GACTour.app */ = {isa = PBXFileReference; explicitFileType = wrapper.application; includeInIndex = 0; path = GACTour.app; sourceTree = BUILT_PRODUCTS_DIR; };
		66676C812C8554F900EFF355 /* GACTourApp.swift */ = {isa = PBXFileReference; lastKnownFileType = sourcecode.swift; path = GACTourApp.swift; sourceTree = "<group>"; };
		66676C832C8554F900EFF355 /* ContentView.swift */ = {isa = PBXFileReference; lastKnownFileType = sourcecode.swift; path = ContentView.swift; sourceTree = "<group>"; };
		66676C852C8554FB00EFF355 /* Assets.xcassets */ = {isa = PBXFileReference; lastKnownFileType = folder.assetcatalog; path = Assets.xcassets; sourceTree = "<group>"; };
		66676C882C8554FB00EFF355 /* Preview Assets.xcassets */ = {isa = PBXFileReference; lastKnownFileType = folder.assetcatalog; path = "Preview Assets.xcassets"; sourceTree = "<group>"; };
		66676C8E2C8554FB00EFF355 /* GACTourTests.xctest */ = {isa = PBXFileReference; explicitFileType = wrapper.cfbundle; includeInIndex = 0; path = GACTourTests.xctest; sourceTree = BUILT_PRODUCTS_DIR; };
		66676C922C8554FB00EFF355 /* GACTourTests.swift */ = {isa = PBXFileReference; lastKnownFileType = sourcecode.swift; path = GACTourTests.swift; sourceTree = "<group>"; };
		66676C982C8554FB00EFF355 /* GACTourUITests.xctest */ = {isa = PBXFileReference; explicitFileType = wrapper.cfbundle; includeInIndex = 0; path = GACTourUITests.xctest; sourceTree = BUILT_PRODUCTS_DIR; };
		66676C9C2C8554FB00EFF355 /* GACTourUITests.swift */ = {isa = PBXFileReference; lastKnownFileType = sourcecode.swift; path = GACTourUITests.swift; sourceTree = "<group>"; };
		66676C9E2C8554FB00EFF355 /* GACTourUITestsLaunchTests.swift */ = {isa = PBXFileReference; lastKnownFileType = sourcecode.swift; path = GACTourUITestsLaunchTests.swift; sourceTree = "<group>"; };
/* End PBXFileReference section */

/* Begin PBXFrameworksBuildPhase section */
		66676C7B2C8554F900EFF355 /* Frameworks */ = {
			isa = PBXFrameworksBuildPhase;
			buildActionMask = 2147483647;
			files = (
			);
			runOnlyForDeploymentPostprocessing = 0;
		};
		66676C8B2C8554FB00EFF355 /* Frameworks */ = {
			isa = PBXFrameworksBuildPhase;
			buildActionMask = 2147483647;
			files = (
			);
			runOnlyForDeploymentPostprocessing = 0;
		};
		66676C952C8554FB00EFF355 /* Frameworks */ = {
			isa = PBXFrameworksBuildPhase;
			buildActionMask = 2147483647;
			files = (
			);
			runOnlyForDeploymentPostprocessing = 0;
		};
/* End PBXFrameworksBuildPhase section */

/* Begin PBXGroup section */
		66676C752C8554F900EFF355 = {
			isa = PBXGroup;
			children = (
				66676C802C8554F900EFF355 /* GACTour */,
				66676C912C8554FB00EFF355 /* GACTourTests */,
				66676C9B2C8554FB00EFF355 /* GACTourUITests */,
				66676C7F2C8554F900EFF355 /* Products */,
			);
			sourceTree = "<group>";
		};
		66676C7F2C8554F900EFF355 /* Products */ = {
			isa = PBXGroup;
			children = (
				66676C7E2C8554F900EFF355 /* GACTour.app */,
				66676C8E2C8554FB00EFF355 /* GACTourTests.xctest */,
				66676C982C8554FB00EFF355 /* GACTourUITests.xctest */,
			);
			name = Products;
			sourceTree = "<group>";
		};
		66676C802C8554F900EFF355 /* GACTour */ = {
			isa = PBXGroup;
			children = (
				66676C812C8554F900EFF355 /* GACTourApp.swift */,
				66676C832C8554F900EFF355 /* ContentView.swift */,
				66676C852C8554FB00EFF355 /* Assets.xcassets */,
				66676C872C8554FB00EFF355 /* Preview Content */,
			);
			path = GACTour;
			sourceTree = "<group>";
		};
		66676C872C8554FB00EFF355 /* Preview Content */ = {
			isa = PBXGroup;
			children = (
				66676C882C8554FB00EFF355 /* Preview Assets.xcassets */,
			);
			path = "Preview Content";
			sourceTree = "<group>";
		};
		66676C912C8554FB00EFF355 /* GACTourTests */ = {
			isa = PBXGroup;
			children = (
				66676C922C8554FB00EFF355 /* GACTourTests.swift */,
			);
			path = GACTourTests;
			sourceTree = "<group>";
		};
		66676C9B2C8554FB00EFF355 /* GACTourUITests */ = {
			isa = PBXGroup;
			children = (
				66676C9C2C8554FB00EFF355 /* GACTourUITests.swift */,
				66676C9E2C8554FB00EFF355 /* GACTourUITestsLaunchTests.swift */,
			);
			path = GACTourUITests;
			sourceTree = "<group>";
		};
/* End PBXGroup section */

/* Begin PBXNativeTarget section */
		66676C7D2C8554F900EFF355 /* GACTour */ = {
			isa = PBXNativeTarget;
			buildConfigurationList = 66676CA22C8554FB00EFF355 /* Build configuration list for PBXNativeTarget "GACTour" */;
			buildPhases = (
				66676C7A2C8554F900EFF355 /* Sources */,
				66676C7B2C8554F900EFF355 /* Frameworks */,
				66676C7C2C8554F900EFF355 /* Resources */,
			);
			buildRules = (
			);
			dependencies = (
			);
			name = GACTour;
			productName = GACTour;
			productReference = 66676C7E2C8554F900EFF355 /* GACTour.app */;
			productType = "com.apple.product-type.application";
		};
		66676C8D2C8554FB00EFF355 /* GACTourTests */ = {
			isa = PBXNativeTarget;
			buildConfigurationList = 66676CA52C8554FB00EFF355 /* Build configuration list for PBXNativeTarget "GACTourTests" */;
			buildPhases = (
				66676C8A2C8554FB00EFF355 /* Sources */,
				66676C8B2C8554FB00EFF355 /* Frameworks */,
				66676C8C2C8554FB00EFF355 /* Resources */,
			);
			buildRules = (
			);
			dependencies = (
				66676C902C8554FB00EFF355 /* PBXTargetDependency */,
			);
			name = GACTourTests;
			productName = GACTourTests;
			productReference = 66676C8E2C8554FB00EFF355 /* GACTourTests.xctest */;
			productType = "com.apple.product-type.bundle.unit-test";
		};
		66676C972C8554FB00EFF355 /* GACTourUITests */ = {
			isa = PBXNativeTarget;
			buildConfigurationList = 66676CA82C8554FB00EFF355 /* Build configuration list for PBXNativeTarget "GACTourUITests" */;
			buildPhases = (
				66676C942C8554FB00EFF355 /* Sources */,
				66676C952C8554FB00EFF355 /* Frameworks */,
				66676C962C8554FB00EFF355 /* Resources */,
			);
			buildRules = (
			);
			dependencies = (
				66676C9A2C8554FB00EFF355 /* PBXTargetDependency */,
			);
			name = GACTourUITests;
			productName = GACTourUITests;
			productReference = 66676C982C8554FB00EFF355 /* GACTourUITests.xctest */;
			productType = "com.apple.product-type.bundle.ui-testing";
		};
/* End PBXNativeTarget section */

/* Begin PBXProject section */
		66676C762C8554F900EFF355 /* Project object */ = {
			isa = PBXProject;
			attributes = {
				BuildIndependentTargetsInParallel = 1;
				LastSwiftUpdateCheck = 1540;
				LastUpgradeCheck = 1540;
				TargetAttributes = {
					66676C7D2C8554F900EFF355 = {
						CreatedOnToolsVersion = 15.4;
					};
					66676C8D2C8554FB00EFF355 = {
						CreatedOnToolsVersion = 15.4;
						TestTargetID = 66676C7D2C8554F900EFF355;
					};
					66676C972C8554FB00EFF355 = {
						CreatedOnToolsVersion = 15.4;
						TestTargetID = 66676C7D2C8554F900EFF355;
					};
				};
			};
			buildConfigurationList = 66676C792C8554F900EFF355 /* Build configuration list for PBXProject "GACTour" */;
			compatibilityVersion = "Xcode 14.0";
			developmentRegion = en;
			hasScannedForEncodings = 0;
			knownRegions = (
				en,
				Base,
			);
			mainGroup = 66676C752C8554F900EFF355;
			productRefGroup = 66676C7F2C8554F900EFF355 /* Products */;
			projectDirPath = "";
			projectRoot = "";
			targets = (
				66676C7D2C8554F900EFF355 /* GACTour */,
				66676C8D2C8554FB00EFF355 /* GACTourTests */,
				66676C972C8554FB00EFF355 /* GACTourUITests */,
			);
		};
/* End PBXProject section */

/* Begin PBXResourcesBuildPhase section */
		66676C7C2C8554F900EFF355 /* Resources */ = {
			isa = PBXResourcesBuildPhase;
			buildActionMask = 2147483647;
			files = (
				66676C892C8554FB00EFF355 /* Preview Assets.xcassets in Resources */,
				66676C862C8554FB00EFF355 /* Assets.xcassets in Resources */,
			);
			runOnlyForDeploymentPostprocessing = 0;
		};
		66676C8C2C8554FB00EFF355 /* Resources */ = {
			isa = PBXResourcesBuildPhase;
			buildActionMask = 2147483647;
			files = (
			);
			runOnlyForDeploymentPostprocessing = 0;
		};
		66676C962C8554FB00EFF355 /* Resources */ = {
			isa = PBXResourcesBuildPhase;
			buildActionMask = 2147483647;
			files = (
			);
			runOnlyForDeploymentPostprocessing = 0;
		};
/* End PBXResourcesBuildPhase section */

/* Begin PBXSourcesBuildPhase section */
		66676C7A2C8554F900EFF355 /* Sources */ = {
			isa = PBXSourcesBuildPhase;
			buildActionMask = 2147483647;
			files = (
				66676C842C8554F900EFF355 /* ContentView.swift in Sources */,
				66676C822C8554F900EFF355 /* GACTourApp.swift in Sources */,
			);
			runOnlyForDeploymentPostprocessing = 0;
		};
		66676C8A2C8554FB00EFF355 /* Sources */ = {
			isa = PBXSourcesBuildPhase;
			buildActionMask = 2147483647;
			files = (
				66676C932C8554FB00EFF355 /* GACTourTests.swift in Sources */,
			);
			runOnlyForDeploymentPostprocessing = 0;
		};
		66676C942C8554FB00EFF355 /* Sources */ = {
			isa = PBXSourcesBuildPhase;
			buildActionMask = 2147483647;
			files = (
				66676C9F2C8554FB00EFF355 /* GACTourUITestsLaunchTests.swift in Sources */,
				66676C9D2C8554FB00EFF355 /* GACTourUITests.swift in Sources */,
			);
			runOnlyForDeploymentPostprocessing = 0;
		};
/* End PBXSourcesBuildPhase section */

/* Begin PBXTargetDependency section */
		66676C902C8554FB00EFF355 /* PBXTargetDependency */ = {
			isa = PBXTargetDependency;
			target = 66676C7D2C8554F900EFF355 /* GACTour */;
			targetProxy = 66676C8F2C8554FB00EFF355 /* PBXContainerItemProxy */;
		};
		66676C9A2C8554FB00EFF355 /* PBXTargetDependency */ = {
			isa = PBXTargetDependency;
			target = 66676C7D2C8554F900EFF355 /* GACTour */;
			targetProxy = 66676C992C8554FB00EFF355 /* PBXContainerItemProxy */;
		};
/* End PBXTargetDependency section */

/* Begin XCBuildConfiguration section */
		66676CA02C8554FB00EFF355 /* Debug */ = {
			isa = XCBuildConfiguration;
			buildSettings = {
				ALWAYS_SEARCH_USER_PATHS = NO;
				ASSETCATALOG_COMPILER_GENERATE_SWIFT_ASSET_SYMBOL_EXTENSIONS = YES;
				CLANG_ANALYZER_NONNULL = YES;
				CLANG_ANALYZER_NUMBER_OBJECT_CONVERSION = YES_AGGRESSIVE;
				CLANG_CXX_LANGUAGE_STANDARD = "gnu++20";
				CLANG_ENABLE_MODULES = YES;
				CLANG_ENABLE_OBJC_ARC = YES;
				CLANG_ENABLE_OBJC_WEAK = YES;
				CLANG_WARN_BLOCK_CAPTURE_AUTORELEASING = YES;
				CLANG_WARN_BOOL_CONVERSION = YES;
				CLANG_WARN_COMMA = YES;
				CLANG_WARN_CONSTANT_CONVERSION = YES;
				CLANG_WARN_DEPRECATED_OBJC_IMPLEMENTATIONS = YES;
				CLANG_WARN_DIRECT_OBJC_ISA_USAGE = YES_ERROR;
				CLANG_WARN_DOCUMENTATION_COMMENTS = YES;
				CLANG_WARN_EMPTY_BODY = YES;
				CLANG_WARN_ENUM_CONVERSION = YES;
				CLANG_WARN_INFINITE_RECURSION = YES;
				CLANG_WARN_INT_CONVERSION = YES;
				CLANG_WARN_NON_LITERAL_NULL_CONVERSION = YES;
				CLANG_WARN_OBJC_IMPLICIT_RETAIN_SELF = YES;
				CLANG_WARN_OBJC_LITERAL_CONVERSION = YES;
				CLANG_WARN_OBJC_ROOT_CLASS = YES_ERROR;
				CLANG_WARN_QUOTED_INCLUDE_IN_FRAMEWORK_HEADER = YES;
				CLANG_WARN_RANGE_LOOP_ANALYSIS = YES;
				CLANG_WARN_STRICT_PROTOTYPES = YES;
				CLANG_WARN_SUSPICIOUS_MOVE = YES;
				CLANG_WARN_UNGUARDED_AVAILABILITY = YES_AGGRESSIVE;
				CLANG_WARN_UNREACHABLE_CODE = YES;
				CLANG_WARN__DUPLICATE_METHOD_MATCH = YES;
				COPY_PHASE_STRIP = NO;
				DEBUG_INFORMATION_FORMAT = dwarf;
				ENABLE_STRICT_OBJC_MSGSEND = YES;
				ENABLE_TESTABILITY = YES;
				ENABLE_USER_SCRIPT_SANDBOXING = YES;
				GCC_C_LANGUAGE_STANDARD = gnu17;
				GCC_DYNAMIC_NO_PIC = NO;
				GCC_NO_COMMON_BLOCKS = YES;
				GCC_OPTIMIZATION_LEVEL = 0;
				GCC_PREPROCESSOR_DEFINITIONS = (
					"DEBUG=1",
					"$(inherited)",
				);
				GCC_WARN_64_TO_32_BIT_CONVERSION = YES;
				GCC_WARN_ABOUT_RETURN_TYPE = YES_ERROR;
				GCC_WARN_UNDECLARED_SELECTOR = YES;
				GCC_WARN_UNINITIALIZED_AUTOS = YES_AGGRESSIVE;
				GCC_WARN_UNUSED_FUNCTION = YES;
				GCC_WARN_UNUSED_VARIABLE = YES;
				IPHONEOS_DEPLOYMENT_TARGET = 17.5;
				LOCALIZATION_PREFERS_STRING_CATALOGS = YES;
				MTL_ENABLE_DEBUG_INFO = INCLUDE_SOURCE;
				MTL_FAST_MATH = YES;
				ONLY_ACTIVE_ARCH = YES;
				SDKROOT = iphoneos;
				SWIFT_ACTIVE_COMPILATION_CONDITIONS = "DEBUG $(inherited)";
				SWIFT_OPTIMIZATION_LEVEL = "-Onone";
			};
			name = Debug;
		};
		66676CA12C8554FB00EFF355 /* Release */ = {
			isa = XCBuildConfiguration;
			buildSettings = {
				ALWAYS_SEARCH_USER_PATHS = NO;
				ASSETCATALOG_COMPILER_GENERATE_SWIFT_ASSET_SYMBOL_EXTENSIONS = YES;
				CLANG_ANALYZER_NONNULL = YES;
				CLANG_ANALYZER_NUMBER_OBJECT_CONVERSION = YES_AGGRESSIVE;
				CLANG_CXX_LANGUAGE_STANDARD = "gnu++20";
				CLANG_ENABLE_MODULES = YES;
				CLANG_ENABLE_OBJC_ARC = YES;
				CLANG_ENABLE_OBJC_WEAK = YES;
				CLANG_WARN_BLOCK_CAPTURE_AUTORELEASING = YES;
				CLANG_WARN_BOOL_CONVERSION = YES;
				CLANG_WARN_COMMA = YES;
				CLANG_WARN_CONSTANT_CONVERSION = YES;
				CLANG_WARN_DEPRECATED_OBJC_IMPLEMENTATIONS = YES;
				CLANG_WARN_DIRECT_OBJC_ISA_USAGE = YES_ERROR;
				CLANG_WARN_DOCUMENTATION_COMMENTS = YES;
				CLANG_WARN_EMPTY_BODY = YES;
				CLANG_WARN_ENUM_CONVERSION = YES;
				CLANG_WARN_INFINITE_RECURSION = YES;
				CLANG_WARN_INT_CONVERSION = YES;
				CLANG_WARN_NON_LITERAL_NULL_CONVERSION = YES;
				CLANG_WARN_OBJC_IMPLICIT_RETAIN_SELF = YES;
				CLANG_WARN_OBJC_LITERAL_CONVERSION = YES;
				CLANG_WARN_OBJC_ROOT_CLASS = YES_ERROR;
				CLANG_WARN_QUOTED_INCLUDE_IN_FRAMEWORK_HEADER = YES;
				CLANG_WARN_RANGE_LOOP_ANALYSIS = YES;
				CLANG_WARN_STRICT_PROTOTYPES = YES;
				CLANG_WARN_SUSPICIOUS_MOVE = YES;
				CLANG_WARN_UNGUARDED_AVAILABILITY = YES_AGGRESSIVE;
				CLANG_WARN_UNREACHABLE_CODE = YES;
				CLANG_WARN__DUPLICATE_METHOD_MATCH = YES;
				COPY_PHASE_STRIP = NO;
				DEBUG_INFORMATION_FORMAT = "dwarf-with-dsym";
				ENABLE_NS_ASSERTIONS = NO;
				ENABLE_STRICT_OBJC_MSGSEND = YES;
				ENABLE_USER_SCRIPT_SANDBOXING = YES;
				GCC_C_LANGUAGE_STANDARD = gnu17;
				GCC_NO_COMMON_BLOCKS = YES;
				GCC_WARN_64_TO_32_BIT_CONVERSION = YES;
				GCC_WARN_ABOUT_RETURN_TYPE = YES_ERROR;
				GCC_WARN_UNDECLARED_SELECTOR = YES;
				GCC_WARN_UNINITIALIZED_AUTOS = YES_AGGRESSIVE;
				GCC_WARN_UNUSED_FUNCTION = YES;
				GCC_WARN_UNUSED_VARIABLE = YES;
				IPHONEOS_DEPLOYMENT_TARGET = 17.5;
				LOCALIZATION_PREFERS_STRING_CATALOGS = YES;
				MTL_ENABLE_DEBUG_INFO = NO;
				MTL_FAST_MATH = YES;
				SDKROOT = iphoneos;
				SWIFT_COMPILATION_MODE = wholemodule;
				VALIDATE_PRODUCT = YES;
			};
			name = Release;
		};
		66676CA32C8554FB00EFF355 /* Debug */ = {
			isa = XCBuildConfiguration;
			buildSettings = {
				ASSETCATALOG_COMPILER_APPICON_NAME = AppIcon;
				ASSETCATALOG_COMPILER_GLOBAL_ACCENT_COLOR_NAME = AccentColor;
				CODE_SIGN_STYLE = Automatic;
				CURRENT_PROJECT_VERSION = 1;
				DEVELOPMENT_ASSET_PATHS = "\"GACTour/Preview Content\"";
				ENABLE_PREVIEWS = YES;
				GENERATE_INFOPLIST_FILE = YES;
				INFOPLIST_KEY_UIApplicationSceneManifest_Generation = YES;
				INFOPLIST_KEY_UIApplicationSupportsIndirectInputEvents = YES;
				INFOPLIST_KEY_UILaunchScreen_Generation = YES;
				INFOPLIST_KEY_UISupportedInterfaceOrientations_iPad = "UIInterfaceOrientationPortrait UIInterfaceOrientationPortraitUpsideDown UIInterfaceOrientationLandscapeLeft UIInterfaceOrientationLandscapeRight";
				INFOPLIST_KEY_UISupportedInterfaceOrientations_iPhone = "UIInterfaceOrientationPortrait UIInterfaceOrientationLandscapeLeft UIInterfaceOrientationLandscapeRight";
				LD_RUNPATH_SEARCH_PATHS = (
					"$(inherited)",
					"@executable_path/Frameworks",
				);
				MARKETING_VERSION = 1.0;
				PRODUCT_BUNDLE_IDENTIFIER = com.mahkxai.GACTour;
				PRODUCT_NAME = "$(TARGET_NAME)";
				SWIFT_EMIT_LOC_STRINGS = YES;
				SWIFT_VERSION = 5.0;
				TARGETED_DEVICE_FAMILY = "1,2";
			};
			name = Debug;
		};
		66676CA42C8554FB00EFF355 /* Release */ = {
			isa = XCBuildConfiguration;
			buildSettings = {
				ASSETCATALOG_COMPILER_APPICON_NAME = AppIcon;
				ASSETCATALOG_COMPILER_GLOBAL_ACCENT_COLOR_NAME = AccentColor;
				CODE_SIGN_STYLE = Automatic;
				CURRENT_PROJECT_VERSION = 1;
				DEVELOPMENT_ASSET_PATHS = "\"GACTour/Preview Content\"";
				ENABLE_PREVIEWS = YES;
				GENERATE_INFOPLIST_FILE = YES;
				INFOPLIST_KEY_UIApplicationSceneManifest_Generation = YES;
				INFOPLIST_KEY_UIApplicationSupportsIndirectInputEvents = YES;
				INFOPLIST_KEY_UILaunchScreen_Generation = YES;
				INFOPLIST_KEY_UISupportedInterfaceOrientations_iPad = "UIInterfaceOrientationPortrait UIInterfaceOrientationPortraitUpsideDown UIInterfaceOrientationLandscapeLeft UIInterfaceOrientationLandscapeRight";
				INFOPLIST_KEY_UISupportedInterfaceOrientations_iPhone = "UIInterfaceOrientationPortrait UIInterfaceOrientationLandscapeLeft UIInterfaceOrientationLandscapeRight";
				LD_RUNPATH_SEARCH_PATHS = (
					"$(inherited)",
					"@executable_path/Frameworks",
				);
				MARKETING_VERSION = 1.0;
				PRODUCT_BUNDLE_IDENTIFIER = com.mahkxai.GACTour;
				PRODUCT_NAME = "$(TARGET_NAME)";
				SWIFT_EMIT_LOC_STRINGS = YES;
				SWIFT_VERSION = 5.0;
				TARGETED_DEVICE_FAMILY = "1,2";
			};
			name = Release;
		};
		66676CA62C8554FB00EFF355 /* Debug */ = {
			isa = XCBuildConfiguration;
			buildSettings = {
				ALWAYS_EMBED_SWIFT_STANDARD_LIBRARIES = YES;
				BUNDLE_LOADER = "$(TEST_HOST)";
				CODE_SIGN_STYLE = Automatic;
				CURRENT_PROJECT_VERSION = 1;
				GENERATE_INFOPLIST_FILE = YES;
				IPHONEOS_DEPLOYMENT_TARGET = 17.5;
				MARKETING_VERSION = 1.0;
				PRODUCT_BUNDLE_IDENTIFIER = com.mahkxai.GACTourTests;
				PRODUCT_NAME = "$(TARGET_NAME)";
				SWIFT_EMIT_LOC_STRINGS = NO;
				SWIFT_VERSION = 5.0;
				TARGETED_DEVICE_FAMILY = "1,2";
				TEST_HOST = "$(BUILT_PRODUCTS_DIR)/GACTour.app/$(BUNDLE_EXECUTABLE_FOLDER_PATH)/GACTour";
			};
			name = Debug;
		};
		66676CA72C8554FB00EFF355 /* Release */ = {
			isa = XCBuildConfiguration;
			buildSettings = {
				ALWAYS_EMBED_SWIFT_STANDARD_LIBRARIES = YES;
				BUNDLE_LOADER = "$(TEST_HOST)";
				CODE_SIGN_STYLE = Automatic;
				CURRENT_PROJECT_VERSION = 1;
				GENERATE_INFOPLIST_FILE = YES;
				IPHONEOS_DEPLOYMENT_TARGET = 17.5;
				MARKETING_VERSION = 1.0;
				PRODUCT_BUNDLE_IDENTIFIER = com.mahkxai.GACTourTests;
				PRODUCT_NAME = "$(TARGET_NAME)";
				SWIFT_EMIT_LOC_STRINGS = NO;
				SWIFT_VERSION = 5.0;
				TARGETED_DEVICE_FAMILY = "1,2";
				TEST_HOST = "$(BUILT_PRODUCTS_DIR)/GACTour.app/$(BUNDLE_EXECUTABLE_FOLDER_PATH)/GACTour";
			};
			name = Release;
		};
		66676CA92C8554FB00EFF355 /* Debug */ = {
			isa = XCBuildConfiguration;
			buildSettings = {
				ALWAYS_EMBED_SWIFT_STANDARD_LIBRARIES = YES;
				CODE_SIGN_STYLE = Automatic;
				CURRENT_PROJECT_VERSION = 1;
				GENERATE_INFOPLIST_FILE = YES;
				MARKETING_VERSION = 1.0;
				PRODUCT_BUNDLE_IDENTIFIER = com.mahkxai.GACTourUITests;
				PRODUCT_NAME = "$(TARGET_NAME)";
				SWIFT_EMIT_LOC_STRINGS = NO;
				SWIFT_VERSION = 5.0;
				TARGETED_DEVICE_FAMILY = "1,2";
				TEST_TARGET_NAME = GACTour;
			};
			name = Debug;
		};
		66676CAA2C8554FB00EFF355 /* Release */ = {
			isa = XCBuildConfiguration;
			buildSettings = {
				ALWAYS_EMBED_SWIFT_STANDARD_LIBRARIES = YES;
				CODE_SIGN_STYLE = Automatic;
				CURRENT_PROJECT_VERSION = 1;
				GENERATE_INFOPLIST_FILE = YES;
				MARKETING_VERSION = 1.0;
				PRODUCT_BUNDLE_IDENTIFIER = com.mahkxai.GACTourUITests;
				PRODUCT_NAME = "$(TARGET_NAME)";
				SWIFT_EMIT_LOC_STRINGS = NO;
				SWIFT_VERSION = 5.0;
				TARGETED_DEVICE_FAMILY = "1,2";
				TEST_TARGET_NAME = GACTour;
			};
			name = Release;
		};
/* End XCBuildConfiguration section */

/* Begin XCConfigurationList section */
		66676C792C8554F900EFF355 /* Build configuration list for PBXProject "GACTour" */ = {
			isa = XCConfigurationList;
			buildConfigurations = (
				66676CA02C8554FB00EFF355 /* Debug */,
				66676CA12C8554FB00EFF355 /* Release */,
			);
			defaultConfigurationIsVisible = 0;
			defaultConfigurationName = Release;
		};
		66676CA22C8554FB00EFF355 /* Build configuration list for PBXNativeTarget "GACTour" */ = {
			isa = XCConfigurationList;
			buildConfigurations = (
				66676CA32C8554FB00EFF355 /* Debug */,
				66676CA42C8554FB00EFF355 /* Release */,
			);
			defaultConfigurationIsVisible = 0;
			defaultConfigurationName = Release;
		};
		66676CA52C8554FB00EFF355 /* Build configuration list for PBXNativeTarget "GACTourTests" */ = {
			isa = XCConfigurationList;
			buildConfigurations = (
				66676CA62C8554FB00EFF355 /* Debug */,
				66676CA72C8554FB00EFF355 /* Release */,
			);
			defaultConfigurationIsVisible = 0;
			defaultConfigurationName = Release;
		};
		66676CA82C8554FB00EFF355 /* Build configuration list for PBXNativeTarget "GACTourUITests" */ = {
			isa = XCConfigurationList;
			buildConfigurations = (
				66676CA92C8554FB00EFF355 /* Debug */,
				66676CAA2C8554FB00EFF355 /* Release */,
			);
			defaultConfigurationIsVisible = 0;
			defaultConfigurationName = Release;
		};
/* End XCConfigurationList section */
	};
	rootObject = 66676C762C8554F900EFF355 /* Project object */;
}
